// !$*UTF8*$!
{
	archiveVersion = 1;
	classes = {
	};
	objectVersion = 51;
	objects = {

/* Begin PBXBuildFile section */
		0986217026E0DAA200B1A4DB /* AppDelegate.swift in Sources */ = {isa = PBXBuildFile; fileRef = 0986216F26E0DAA200B1A4DB /* AppDelegate.swift */; };
		0986217226E0DAA200B1A4DB /* SceneDelegate.swift in Sources */ = {isa = PBXBuildFile; fileRef = 0986217126E0DAA200B1A4DB /* SceneDelegate.swift */; };
		0986217426E0DAA200B1A4DB /* ViewController.swift in Sources */ = {isa = PBXBuildFile; fileRef = 0986217326E0DAA200B1A4DB /* ViewController.swift */; };
		0986217726E0DAA200B1A4DB /* Main.storyboard in Resources */ = {isa = PBXBuildFile; fileRef = 0986217526E0DAA200B1A4DB /* Main.storyboard */; };
		0986217926E0DAA300B1A4DB /* Assets.xcassets in Resources */ = {isa = PBXBuildFile; fileRef = 0986217826E0DAA300B1A4DB /* Assets.xcassets */; };
		0986217C26E0DAA300B1A4DB /* LaunchScreen.storyboard in Resources */ = {isa = PBXBuildFile; fileRef = 0986217A26E0DAA300B1A4DB /* LaunchScreen.storyboard */; };
		14D598C45034123694438D78 /* Pods_weather_app_ios_group_1.framework in Frameworks */ = {isa = PBXBuildFile; fileRef = F91B69F41CAF51B3DF4D5622 /* Pods_weather_app_ios_group_1.framework */; };
		9811CC0926E20B8C0005F98C /* WeatherTableViewCell.swift in Sources */ = {isa = PBXBuildFile; fileRef = 9811CC0726E20B8C0005F98C /* WeatherTableViewCell.swift */; };
		9811CC0A26E20B8C0005F98C /* WeatherTableViewCell.xib in Resources */ = {isa = PBXBuildFile; fileRef = 9811CC0826E20B8C0005F98C /* WeatherTableViewCell.xib */; };
		9811CC0D26E20BBC0005F98C /* HourlyTableViewCell.swift in Sources */ = {isa = PBXBuildFile; fileRef = 9811CC0B26E20BBC0005F98C /* HourlyTableViewCell.swift */; };
		9811CC0E26E20BBC0005F98C /* HourlyTableViewCell.xib in Resources */ = {isa = PBXBuildFile; fileRef = 9811CC0C26E20BBC0005F98C /* HourlyTableViewCell.xib */; };
/* End PBXBuildFile section */

/* Begin PBXFileReference section */
		0986216C26E0DAA200B1A4DB /* weather-app-ios-group-1.app */ = {isa = PBXFileReference; explicitFileType = wrapper.application; includeInIndex = 0; path = "weather-app-ios-group-1.app"; sourceTree = BUILT_PRODUCTS_DIR; };
		0986216F26E0DAA200B1A4DB /* AppDelegate.swift */ = {isa = PBXFileReference; lastKnownFileType = sourcecode.swift; path = AppDelegate.swift; sourceTree = "<group>"; };
		0986217126E0DAA200B1A4DB /* SceneDelegate.swift */ = {isa = PBXFileReference; lastKnownFileType = sourcecode.swift; path = SceneDelegate.swift; sourceTree = "<group>"; };
		0986217326E0DAA200B1A4DB /* ViewController.swift */ = {isa = PBXFileReference; lastKnownFileType = sourcecode.swift; path = ViewController.swift; sourceTree = "<group>"; };
		0986217626E0DAA200B1A4DB /* Base */ = {isa = PBXFileReference; lastKnownFileType = file.storyboard; name = Base; path = Base.lproj/Main.storyboard; sourceTree = "<group>"; };
		0986217826E0DAA300B1A4DB /* Assets.xcassets */ = {isa = PBXFileReference; lastKnownFileType = folder.assetcatalog; path = Assets.xcassets; sourceTree = "<group>"; };
		0986217B26E0DAA300B1A4DB /* Base */ = {isa = PBXFileReference; lastKnownFileType = file.storyboard; name = Base; path = Base.lproj/LaunchScreen.storyboard; sourceTree = "<group>"; };
		0986217D26E0DAA300B1A4DB /* Info.plist */ = {isa = PBXFileReference; lastKnownFileType = text.plist.xml; path = Info.plist; sourceTree = "<group>"; };
		9811CC0726E20B8C0005F98C /* WeatherTableViewCell.swift */ = {isa = PBXFileReference; lastKnownFileType = sourcecode.swift; path = WeatherTableViewCell.swift; sourceTree = "<group>"; };
		9811CC0826E20B8C0005F98C /* WeatherTableViewCell.xib */ = {isa = PBXFileReference; lastKnownFileType = file.xib; path = WeatherTableViewCell.xib; sourceTree = "<group>"; };
		9811CC0B26E20BBC0005F98C /* HourlyTableViewCell.swift */ = {isa = PBXFileReference; lastKnownFileType = sourcecode.swift; path = HourlyTableViewCell.swift; sourceTree = "<group>"; };
		9811CC0C26E20BBC0005F98C /* HourlyTableViewCell.xib */ = {isa = PBXFileReference; lastKnownFileType = file.xib; path = HourlyTableViewCell.xib; sourceTree = "<group>"; };
		F1786828E65BC7587F8C5345 /* Pods-weather-app-ios-group-1.release.xcconfig */ = {isa = PBXFileReference; includeInIndex = 1; lastKnownFileType = text.xcconfig; name = "Pods-weather-app-ios-group-1.release.xcconfig"; path = "Target Support Files/Pods-weather-app-ios-group-1/Pods-weather-app-ios-group-1.release.xcconfig"; sourceTree = "<group>"; };
		F690843A6D0C5E070E314787 /* Pods-weather-app-ios-group-1.debug.xcconfig */ = {isa = PBXFileReference; includeInIndex = 1; lastKnownFileType = text.xcconfig; name = "Pods-weather-app-ios-group-1.debug.xcconfig"; path = "Target Support Files/Pods-weather-app-ios-group-1/Pods-weather-app-ios-group-1.debug.xcconfig"; sourceTree = "<group>"; };
		F91B69F41CAF51B3DF4D5622 /* Pods_weather_app_ios_group_1.framework */ = {isa = PBXFileReference; explicitFileType = wrapper.framework; includeInIndex = 0; path = Pods_weather_app_ios_group_1.framework; sourceTree = BUILT_PRODUCTS_DIR; };
/* End PBXFileReference section */

/* Begin PBXFrameworksBuildPhase section */
		0986216926E0DAA200B1A4DB /* Frameworks */ = {
			isa = PBXFrameworksBuildPhase;
			buildActionMask = 2147483647;
			files = (
				14D598C45034123694438D78 /* Pods_weather_app_ios_group_1.framework in Frameworks */,
			);
			runOnlyForDeploymentPostprocessing = 0;
		};
/* End PBXFrameworksBuildPhase section */

/* Begin PBXGroup section */
		0986216326E0DAA200B1A4DB = {
			isa = PBXGroup;
			children = (
				0986216E26E0DAA200B1A4DB /* weather-app-ios-group-1 */,
				0986216D26E0DAA200B1A4DB /* Products */,
				FE457129C0E5FDCA7175DDD2 /* Pods */,
				FA69B51BC3A29D83D1045483 /* Frameworks */,
			);
			sourceTree = "<group>";
		};
		0986216D26E0DAA200B1A4DB /* Products */ = {
			isa = PBXGroup;
			children = (
				0986216C26E0DAA200B1A4DB /* weather-app-ios-group-1.app */,
			);
			name = Products;
			sourceTree = "<group>";
		};
		0986216E26E0DAA200B1A4DB /* weather-app-ios-group-1 */ = {
			isa = PBXGroup;
			children = (
				9811CC0626E209840005F98C /* CollectionCell */,
				9811CC0526E2097B0005F98C /* WeatherCell */,
				0986216F26E0DAA200B1A4DB /* AppDelegate.swift */,
				0986217126E0DAA200B1A4DB /* SceneDelegate.swift */,
				0986217326E0DAA200B1A4DB /* ViewController.swift */,
				0986217526E0DAA200B1A4DB /* Main.storyboard */,
				0986217826E0DAA300B1A4DB /* Assets.xcassets */,
				0986217A26E0DAA300B1A4DB /* LaunchScreen.storyboard */,
				0986217D26E0DAA300B1A4DB /* Info.plist */,
			);
			path = "weather-app-ios-group-1";
			sourceTree = "<group>";
		};
		9811CC0526E2097B0005F98C /* WeatherCell */ = {
			isa = PBXGroup;
			children = (
				9811CC0726E20B8C0005F98C /* WeatherTableViewCell.swift */,
				9811CC0826E20B8C0005F98C /* WeatherTableViewCell.xib */,
			);
			path = WeatherCell;
			sourceTree = "<group>";
		};
		9811CC0626E209840005F98C /* CollectionCell */ = {
			isa = PBXGroup;
			children = (
				9811CC0B26E20BBC0005F98C /* HourlyTableViewCell.swift */,
				9811CC0C26E20BBC0005F98C /* HourlyTableViewCell.xib */,
			);
			path = CollectionCell;
			sourceTree = "<group>";
		};
		FA69B51BC3A29D83D1045483 /* Frameworks */ = {
			isa = PBXGroup;
			children = (
				F91B69F41CAF51B3DF4D5622 /* Pods_weather_app_ios_group_1.framework */,
			);
			name = Frameworks;
			sourceTree = "<group>";
		};
		FE457129C0E5FDCA7175DDD2 /* Pods */ = {
			isa = PBXGroup;
			children = (
				F690843A6D0C5E070E314787 /* Pods-weather-app-ios-group-1.debug.xcconfig */,
				F1786828E65BC7587F8C5345 /* Pods-weather-app-ios-group-1.release.xcconfig */,
			);
			path = Pods;
			sourceTree = "<group>";
		};
/* End PBXGroup section */

/* Begin PBXNativeTarget section */
		0986216B26E0DAA200B1A4DB /* weather-app-ios-group-1 */ = {
			isa = PBXNativeTarget;
			buildConfigurationList = 0986218026E0DAA300B1A4DB /* Build configuration list for PBXNativeTarget "weather-app-ios-group-1" */;
			buildPhases = (
				A542824FBD15ED8D6D1D1D77 /* [CP] Check Pods Manifest.lock */,
				0986216826E0DAA200B1A4DB /* Sources */,
				0986216926E0DAA200B1A4DB /* Frameworks */,
				0986216A26E0DAA200B1A4DB /* Resources */,
				2DA94E2578B34F6F02316A30 /* [CP] Embed Pods Frameworks */,
			);
			buildRules = (
			);
			dependencies = (
			);
			name = "weather-app-ios-group-1";
			productName = "weather-app-ios-group-1";
			productReference = 0986216C26E0DAA200B1A4DB /* weather-app-ios-group-1.app */;
			productType = "com.apple.product-type.application";
		};
/* End PBXNativeTarget section */

/* Begin PBXProject section */
		0986216426E0DAA200B1A4DB /* Project object */ = {
			isa = PBXProject;
			attributes = {
				LastSwiftUpdateCheck = 1250;
				LastUpgradeCheck = 1250;
				TargetAttributes = {
					0986216B26E0DAA200B1A4DB = {
						CreatedOnToolsVersion = 12.5.1;
					};
				};
			};
			buildConfigurationList = 0986216726E0DAA200B1A4DB /* Build configuration list for PBXProject "weather-app-ios-group-1" */;
			compatibilityVersion = "Xcode 9.3";
			developmentRegion = en;
			hasScannedForEncodings = 0;
			knownRegions = (
				en,
				Base,
			);
			mainGroup = 0986216326E0DAA200B1A4DB;
			productRefGroup = 0986216D26E0DAA200B1A4DB /* Products */;
			projectDirPath = "";
			projectRoot = "";
			targets = (
				0986216B26E0DAA200B1A4DB /* weather-app-ios-group-1 */,
			);
		};
/* End PBXProject section */

/* Begin PBXResourcesBuildPhase section */
		0986216A26E0DAA200B1A4DB /* Resources */ = {
			isa = PBXResourcesBuildPhase;
			buildActionMask = 2147483647;
			files = (
				9811CC0A26E20B8C0005F98C /* WeatherTableViewCell.xib in Resources */,
				9811CC0E26E20BBC0005F98C /* HourlyTableViewCell.xib in Resources */,
				0986217C26E0DAA300B1A4DB /* LaunchScreen.storyboard in Resources */,
				0986217926E0DAA300B1A4DB /* Assets.xcassets in Resources */,
				0986217726E0DAA200B1A4DB /* Main.storyboard in Resources */,
			);
			runOnlyForDeploymentPostprocessing = 0;
		};
/* End PBXResourcesBuildPhase section */

/* Begin PBXShellScriptBuildPhase section */
		2DA94E2578B34F6F02316A30 /* [CP] Embed Pods Frameworks */ = {
			isa = PBXShellScriptBuildPhase;
			buildActionMask = 2147483647;
			files = (
			);
			inputFileListPaths = (
				"${PODS_ROOT}/Target Support Files/Pods-weather-app-ios-group-1/Pods-weather-app-ios-group-1-frameworks-${CONFIGURATION}-input-files.xcfilelist",
			);
			name = "[CP] Embed Pods Frameworks";
			outputFileListPaths = (
				"${PODS_ROOT}/Target Support Files/Pods-weather-app-ios-group-1/Pods-weather-app-ios-group-1-frameworks-${CONFIGURATION}-output-files.xcfilelist",
			);
			runOnlyForDeploymentPostprocessing = 0;
			shellPath = /bin/sh;
			shellScript = "\"${PODS_ROOT}/Target Support Files/Pods-weather-app-ios-group-1/Pods-weather-app-ios-group-1-frameworks.sh\"\n";
			showEnvVarsInLog = 0;
		};
		A542824FBD15ED8D6D1D1D77 /* [CP] Check Pods Manifest.lock */ = {
			isa = PBXShellScriptBuildPhase;
			buildActionMask = 2147483647;
			files = (
			);
			inputFileListPaths = (
			);
			inputPaths = (
				"${PODS_PODFILE_DIR_PATH}/Podfile.lock",
				"${PODS_ROOT}/Manifest.lock",
			);
			name = "[CP] Check Pods Manifest.lock";
			outputFileListPaths = (
			);
			outputPaths = (
				"$(DERIVED_FILE_DIR)/Pods-weather-app-ios-group-1-checkManifestLockResult.txt",
			);
			runOnlyForDeploymentPostprocessing = 0;
			shellPath = /bin/sh;
			shellScript = "diff \"${PODS_PODFILE_DIR_PATH}/Podfile.lock\" \"${PODS_ROOT}/Manifest.lock\" > /dev/null\nif [ $? != 0 ] ; then\n    # print error to STDERR\n    echo \"error: The sandbox is not in sync with the Podfile.lock. Run 'pod install' or update your CocoaPods installation.\" >&2\n    exit 1\nfi\n# This output is used by Xcode 'outputs' to avoid re-running this script phase.\necho \"SUCCESS\" > \"${SCRIPT_OUTPUT_FILE_0}\"\n";
			showEnvVarsInLog = 0;
		};
/* End PBXShellScriptBuildPhase section */

/* Begin PBXSourcesBuildPhase section */
		0986216826E0DAA200B1A4DB /* Sources */ = {
			isa = PBXSourcesBuildPhase;
			buildActionMask = 2147483647;
			files = (
				9811CC0926E20B8C0005F98C /* WeatherTableViewCell.swift in Sources */,
				0986217426E0DAA200B1A4DB /* ViewController.swift in Sources */,
				9811CC0D26E20BBC0005F98C /* HourlyTableViewCell.swift in Sources */,
				0986217026E0DAA200B1A4DB /* AppDelegate.swift in Sources */,
				0986217226E0DAA200B1A4DB /* SceneDelegate.swift in Sources */,
			);
			runOnlyForDeploymentPostprocessing = 0;
		};
/* End PBXSourcesBuildPhase section */

/* Begin PBXVariantGroup section */
		0986217526E0DAA200B1A4DB /* Main.storyboard */ = {
			isa = PBXVariantGroup;
			children = (
				0986217626E0DAA200B1A4DB /* Base */,
			);
			name = Main.storyboard;
			sourceTree = "<group>";
		};
		0986217A26E0DAA300B1A4DB /* LaunchScreen.storyboard */ = {
			isa = PBXVariantGroup;
			children = (
				0986217B26E0DAA300B1A4DB /* Base */,
			);
			name = LaunchScreen.storyboard;
			sourceTree = "<group>";
		};
/* End PBXVariantGroup section */

/* Begin XCBuildConfiguration section */
		0986217E26E0DAA300B1A4DB /* Debug */ = {
			isa = XCBuildConfiguration;
			buildSettings = {
				ALWAYS_SEARCH_USER_PATHS = NO;
				CLANG_ANALYZER_NONNULL = YES;
				CLANG_ANALYZER_NUMBER_OBJECT_CONVERSION = YES_AGGRESSIVE;
				CLANG_CXX_LANGUAGE_STANDARD = "gnu++14";
				CLANG_CXX_LIBRARY = "libc++";
				CLANG_ENABLE_MODULES = YES;
				CLANG_ENABLE_OBJC_ARC = YES;
				CLANG_ENABLE_OBJC_WEAK = YES;
				CLANG_WARN_BLOCK_CAPTURE_AUTORELEASING = YES;
				CLANG_WARN_BOOL_CONVERSION = YES;
				CLANG_WARN_COMMA = YES;
				CLANG_WARN_CONSTANT_CONVERSION = YES;
				CLANG_WARN_DEPRECATED_OBJC_IMPLEMENTATIONS = YES;
				CLANG_WARN_DIRECT_OBJC_ISA_USAGE = YES_ERROR;
				CLANG_WARN_DOCUMENTATION_COMMENTS = YES;
				CLANG_WARN_EMPTY_BODY = YES;
				CLANG_WARN_ENUM_CONVERSION = YES;
				CLANG_WARN_INFINITE_RECURSION = YES;
				CLANG_WARN_INT_CONVERSION = YES;
				CLANG_WARN_NON_LITERAL_NULL_CONVERSION = YES;
				CLANG_WARN_OBJC_IMPLICIT_RETAIN_SELF = YES;
				CLANG_WARN_OBJC_LITERAL_CONVERSION = YES;
				CLANG_WARN_OBJC_ROOT_CLASS = YES_ERROR;
				CLANG_WARN_QUOTED_INCLUDE_IN_FRAMEWORK_HEADER = YES;
				CLANG_WARN_RANGE_LOOP_ANALYSIS = YES;
				CLANG_WARN_STRICT_PROTOTYPES = YES;
				CLANG_WARN_SUSPICIOUS_MOVE = YES;
				CLANG_WARN_UNGUARDED_AVAILABILITY = YES_AGGRESSIVE;
				CLANG_WARN_UNREACHABLE_CODE = YES;
				CLANG_WARN__DUPLICATE_METHOD_MATCH = YES;
				COPY_PHASE_STRIP = NO;
				DEBUG_INFORMATION_FORMAT = dwarf;
				ENABLE_STRICT_OBJC_MSGSEND = YES;
				ENABLE_TESTABILITY = YES;
				GCC_C_LANGUAGE_STANDARD = gnu11;
				GCC_DYNAMIC_NO_PIC = NO;
				GCC_NO_COMMON_BLOCKS = YES;
				GCC_OPTIMIZATION_LEVEL = 0;
				GCC_PREPROCESSOR_DEFINITIONS = (
					"DEBUG=1",
					"$(inherited)",
				);
				GCC_WARN_64_TO_32_BIT_CONVERSION = YES;
				GCC_WARN_ABOUT_RETURN_TYPE = YES_ERROR;
				GCC_WARN_UNDECLARED_SELECTOR = YES;
				GCC_WARN_UNINITIALIZED_AUTOS = YES_AGGRESSIVE;
				GCC_WARN_UNUSED_FUNCTION = YES;
				GCC_WARN_UNUSED_VARIABLE = YES;
				IPHONEOS_DEPLOYMENT_TARGET = 14.5;
				MTL_ENABLE_DEBUG_INFO = INCLUDE_SOURCE;
				MTL_FAST_MATH = YES;
				ONLY_ACTIVE_ARCH = YES;
				SDKROOT = iphoneos;
				SWIFT_ACTIVE_COMPILATION_CONDITIONS = DEBUG;
				SWIFT_OPTIMIZATION_LEVEL = "-Onone";
			};
			name = Debug;
		};
		0986217F26E0DAA300B1A4DB /* Release */ = {
			isa = XCBuildConfiguration;
			buildSettings = {
				ALWAYS_SEARCH_USER_PATHS = NO;
				CLANG_ANALYZER_NONNULL = YES;
				CLANG_ANALYZER_NUMBER_OBJECT_CONVERSION = YES_AGGRESSIVE;
				CLANG_CXX_LANGUAGE_STANDARD = "gnu++14";
				CLANG_CXX_LIBRARY = "libc++";
				CLANG_ENABLE_MODULES = YES;
				CLANG_ENABLE_OBJC_ARC = YES;
				CLANG_ENABLE_OBJC_WEAK = YES;
				CLANG_WARN_BLOCK_CAPTURE_AUTORELEASING = YES;
				CLANG_WARN_BOOL_CONVERSION = YES;
				CLANG_WARN_COMMA = YES;
				CLANG_WARN_CONSTANT_CONVERSION = YES;
				CLANG_WARN_DEPRECATED_OBJC_IMPLEMENTATIONS = YES;
				CLANG_WARN_DIRECT_OBJC_ISA_USAGE = YES_ERROR;
				CLANG_WARN_DOCUMENTATION_COMMENTS = YES;
				CLANG_WARN_EMPTY_BODY = YES;
				CLANG_WARN_ENUM_CONVERSION = YES;
				CLANG_WARN_INFINITE_RECURSION = YES;
				CLANG_WARN_INT_CONVERSION = YES;
				CLANG_WARN_NON_LITERAL_NULL_CONVERSION = YES;
				CLANG_WARN_OBJC_IMPLICIT_RETAIN_SELF = YES;
				CLANG_WARN_OBJC_LITERAL_CONVERSION = YES;
				CLANG_WARN_OBJC_ROOT_CLASS = YES_ERROR;
				CLANG_WARN_QUOTED_INCLUDE_IN_FRAMEWORK_HEADER = YES;
				CLANG_WARN_RANGE_LOOP_ANALYSIS = YES;
				CLANG_WARN_STRICT_PROTOTYPES = YES;
				CLANG_WARN_SUSPICIOUS_MOVE = YES;
				CLANG_WARN_UNGUARDED_AVAILABILITY = YES_AGGRESSIVE;
				CLANG_WARN_UNREACHABLE_CODE = YES;
				CLANG_WARN__DUPLICATE_METHOD_MATCH = YES;
				COPY_PHASE_STRIP = NO;
				DEBUG_INFORMATION_FORMAT = "dwarf-with-dsym";
				ENABLE_NS_ASSERTIONS = NO;
				ENABLE_STRICT_OBJC_MSGSEND = YES;
				GCC_C_LANGUAGE_STANDARD = gnu11;
				GCC_NO_COMMON_BLOCKS = YES;
				GCC_WARN_64_TO_32_BIT_CONVERSION = YES;
				GCC_WARN_ABOUT_RETURN_TYPE = YES_ERROR;
				GCC_WARN_UNDECLARED_SELECTOR = YES;
				GCC_WARN_UNINITIALIZED_AUTOS = YES_AGGRESSIVE;
				GCC_WARN_UNUSED_FUNCTION = YES;
				GCC_WARN_UNUSED_VARIABLE = YES;
				IPHONEOS_DEPLOYMENT_TARGET = 14.5;
				MTL_ENABLE_DEBUG_INFO = NO;
				MTL_FAST_MATH = YES;
				SDKROOT = iphoneos;
				SWIFT_COMPILATION_MODE = wholemodule;
				SWIFT_OPTIMIZATION_LEVEL = "-O";
				VALIDATE_PRODUCT = YES;
			};
			name = Release;
		};
		0986218126E0DAA300B1A4DB /* Debug */ = {
			isa = XCBuildConfiguration;
			baseConfigurationReference = F690843A6D0C5E070E314787 /* Pods-weather-app-ios-group-1.debug.xcconfig */;
			buildSettings = {
				ASSETCATALOG_COMPILER_APPICON_NAME = AppIcon;
				ASSETCATALOG_COMPILER_GLOBAL_ACCENT_COLOR_NAME = AccentColor;
				CODE_SIGN_STYLE = Automatic;
				INFOPLIST_FILE = "weather-app-ios-group-1/Info.plist";
				LD_RUNPATH_SEARCH_PATHS = (
					"$(inherited)",
					"@executable_path/Frameworks",
				);
				PRODUCT_BUNDLE_IDENTIFIER = "com.hetic.weather-app-ios-group-1";
				PRODUCT_NAME = "$(TARGET_NAME)";
				SWIFT_VERSION = 5.0;
				TARGETED_DEVICE_FAMILY = "1,2";
			};
			name = Debug;
		};
		0986218226E0DAA300B1A4DB /* Release */ = {
			isa = XCBuildConfiguration;
			baseConfigurationReference = F1786828E65BC7587F8C5345 /* Pods-weather-app-ios-group-1.release.xcconfig */;
			buildSettings = {
				ASSETCATALOG_COMPILER_APPICON_NAME = AppIcon;
				ASSETCATALOG_COMPILER_GLOBAL_ACCENT_COLOR_NAME = AccentColor;
				CODE_SIGN_STYLE = Automatic;
				INFOPLIST_FILE = "weather-app-ios-group-1/Info.plist";
				LD_RUNPATH_SEARCH_PATHS = (
					"$(inherited)",
					"@executable_path/Frameworks",
				);
				PRODUCT_BUNDLE_IDENTIFIER = "com.hetic.weather-app-ios-group-1";
				PRODUCT_NAME = "$(TARGET_NAME)";
				SWIFT_VERSION = 5.0;
				TARGETED_DEVICE_FAMILY = "1,2";
			};
			name = Release;
		};
/* End XCBuildConfiguration section */

/* Begin XCConfigurationList section */
		0986216726E0DAA200B1A4DB /* Build configuration list for PBXProject "weather-app-ios-group-1" */ = {
			isa = XCConfigurationList;
			buildConfigurations = (
				0986217E26E0DAA300B1A4DB /* Debug */,
				0986217F26E0DAA300B1A4DB /* Release */,
			);
			defaultConfigurationIsVisible = 0;
			defaultConfigurationName = Release;
		};
		0986218026E0DAA300B1A4DB /* Build configuration list for PBXNativeTarget "weather-app-ios-group-1" */ = {
			isa = XCConfigurationList;
			buildConfigurations = (
				0986218126E0DAA300B1A4DB /* Debug */,
				0986218226E0DAA300B1A4DB /* Release */,
			);
			defaultConfigurationIsVisible = 0;
			defaultConfigurationName = Release;
		};
/* End XCConfigurationList section */
	};
	rootObject = 0986216426E0DAA200B1A4DB /* Project object */;
}
